
Microsoft Visual Studio Solution File, Format Version 12.00
# Visual Studio 15
VisualStudioVersion = 15.0.28010.2003
MinimumVisualStudioVersion = 10.0.40219.1
Project("{FAE04EC0-301F-11D3-BF4B-00C04F79EFBC}") = "LegoMiniFigures", "LegoMiniFigures\LegoMiniFigures.csproj", "{36484B46-892E-44D3-8269-BA21A0EAC32D}"
EndProject
Global
	GlobalSection(SolutionConfigurationPlatforms) = preSolution
		Debug|Any CPU = Debug|Any CPU
		Release|Any CPU = Release|Any CPU
	EndGlobalSection
	GlobalSection(ProjectConfigurationPlatforms) = postSolution
		{36484B46-892E-44D3-8269-BA21A0EAC32D}.Debug|Any CPU.ActiveCfg = Debug|Any CPU
		{36484B46-892E-44D3-8269-BA21A0EAC32D}.Debug|Any CPU.Build.0 = Debug|Any CPU
		{36484B46-892E-44D3-8269-BA21A0EAC32D}.Release|Any CPU.ActiveCfg = Release|Any CPU
		{36484B46-892E-44D3-8269-BA21A0EAC32D}.Release|Any CPU.Build.0 = Release|Any CPU
	EndGlobalSection
	GlobalSection(SolutionProperties) = preSolution
		HideSolutionNode = FALSE
	EndGlobalSection
	GlobalSection(ExtensibilityGlobals) = postSolution
		SolutionGuid = {042B0DD4-E9C5-48C7-9BE0-D5196193CC1A}
	EndGlobalSection
EndGlobal
